{
    "_readme": [
        "This file locks the dependencies of your project to a known state",
        "Read more about it at https://getcomposer.org/doc/01-basic-usage.md#composer-lock-the-lock-file",
        "This file is @generated automatically"
    ],
    "content-hash": "920472fd21314487b4894117dca2067a",
    "packages": [
        {
            "name": "workerman/gateway-worker",
            "version": "v3.0.1",
            "source": {
                "type": "git",
                "url": "https://github.com/walkor/GatewayWorker.git",
                "reference": "9a33f441decb46053d37e5b93da253d1bcdc5e50"
            },
            "dist": {
                "type": "zip",
                "url": "https://api.github.com/repos/walkor/GatewayWorker/zipball/9a33f441decb46053d37e5b93da253d1bcdc5e50",
                "reference": "9a33f441decb46053d37e5b93da253d1bcdc5e50",
                "shasum": ""
            },
            "require": {
                "workerman/workerman": ">=3.1.8"
            },
            "type": "library",
            "autoload": {
                "psr-4": {
                    "GatewayWorker\\": "./src"
                }
            },
            "notification-url": "https://packagist.org/downloads/",
            "license": [
                "MIT"
            ],
            "homepage": "http://www.workerman.net",
            "keywords": [
                "communication",
                "distributed"
            ],
            "time": "2017-01-13T09:12:05+00:00"
        },
        {
            "name": "workerman/workerman",
            "version": "v3.3.9",
            "source": {
                "type": "git",
                "url": "https://github.com/walkor/Workerman.git",
                "reference": "02e71eef4714bd251e1b456cb047d3c0d6732192"
            },
            "dist": {
                "type": "zip",
                "url": "https://api.github.com/repos/walkor/Workerman/zipball/02e71eef4714bd251e1b456cb047d3c0d6732192",
                "reference": "02e71eef4714bd251e1b456cb047d3c0d6732192",
                "shasum": ""
            },
            "require": {
                "php": ">=5.3"
            },
            "suggest": {
                "ext-event": "For better performance."
            },
            "type": "library",
            "autoload": {
                "psr-4": {
                    "Workerman\\": "./"
                }
            },
            "notification-url": "https://packagist.org/downloads/",
            "license": [
                "MIT"
            ],
            "authors": [
                {
                    "name": "walkor",
                    "email": "walkor@workerman.net",
                    "homepage": "http://www.workerman.net",
                    "role": "Developer"
                }
            ],
            "description": "An asynchronous event driven PHP framework for easily building fast, scalable network applications.",
            "homepage": "http://www.workerman.net",
            "keywords": [
                "asynchronous",
                "event-loop"
            ],
            "time": "2017-02-14T12:29:56+00:00"
        }
    ],
    "packages-dev": [],
    "aliases": [],
    "minimum-stability": "stable",
    "stability-flags": [],
    "prefer-stable": false,
    "prefer-lowest": false,
    "platform": [],
    "platform-dev": []
}
